{
  "name": "name.aivus.homey.gree-hvac",
  "version": "1.0.0",
  "lockfileVersion": 1,
  "requires": true,
  "dependencies": {
    "clone": {
      "version": "2.1.2",
      "resolved": "https://registry.npmjs.org/clone/-/clone-2.1.2.tgz",
      "integrity": "sha1-G39Ln1kfHo+DZwQBYANFoCiHQ18="
    },
    "gree-hvac-client": {
      "version": "git+https://github.com/inwaar/gree-hvac-client.git#439ce442497e996b7c3a9b4f36be7f97db923a15",
      "from": "git+https://github.com/inwaar/gree-hvac-client.git",
      "requires": {
        "clone": "^2.1.2",
        "object-diff": "^0.0.4"
      }
    },
    "object-diff": {
      "version": "0.0.4",
      "resolved": "https://registry.npmjs.org/object-diff/-/object-diff-0.0.4.tgz",
      "integrity": "sha1-2IOwRE/o/W4E5ZXXu2ZWgskWBH8="
    }
  }
}
