{
  "requires": true,
  "lockfileVersion": 1,
  "dependencies": {
    "clone": {
      "version": "2.1.2",
      "resolved": "https://registry.npmjs.org/clone/-/clone-2.1.2.tgz",
      "integrity": "sha1-G39Ln1kfHo+DZwQBYANFoCiHQ18="
    },
    "gree-hvac-client": {
      "version": "git+https://github.com/aivus/gree-hvac-client.git#d1057ef5f64af82622742cb320b1ddb74d3c6a3e",
      "from": "git+https://github.com/aivus/gree-hvac-client.git#com-gree-homey-app",
      "requires": {
        "clone": "^2.1.2",
        "object-diff": "^0.0.4"
      }
    },
    "object-diff": {
      "version": "0.0.4",
      "resolved": "https://registry.npmjs.org/object-diff/-/object-diff-0.0.4.tgz",
      "integrity": "sha1-2IOwRE/o/W4E5ZXXu2ZWgskWBH8="
    }
  }
}
